{
  "name": "vanilla_js",
  "lockfileVersion": 2,
  "requires": true,
  "packages": {
    "": {
      "dependencies": {
        "customized-object-comparator": "^1.0.2"
      }
    },
    "node_modules/customized-object-comparator": {
      "version": "1.0.2",
      "resolved": "https://registry.npmjs.org/customized-object-comparator/-/customized-object-comparator-1.0.2.tgz",
      "integrity": "sha512-c6i9vCEZYdkFzfhzC3zEqe2ubzo8nwuSkV8fJlpZ2EbON5HiBcz32Kn5EKZ0eMcxz7VnF2x9gJdt+jYh3NVJ0A=="
    }
  },
  "dependencies": {
    "customized-object-comparator": {
      "version": "1.0.2",
      "resolved": "https://registry.npmjs.org/customized-object-comparator/-/customized-object-comparator-1.0.2.tgz",
      "integrity": "sha512-c6i9vCEZYdkFzfhzC3zEqe2ubzo8nwuSkV8fJlpZ2EbON5HiBcz32Kn5EKZ0eMcxz7VnF2x9gJdt+jYh3NVJ0A=="
    }
  }
}
