{
  "name": "vanilla_js",
  "lockfileVersion": 2,
  "requires": true,
  "packages": {
    "": {
      "dependencies": {
        "customized-object-comparator": "^1.0.0"
      }
    },
    "node_modules/customized-object-comparator": {
      "version": "1.0.0",
      "resolved": "https://registry.npmjs.org/customized-object-comparator/-/customized-object-comparator-1.0.0.tgz",
      "integrity": "sha512-Octv79XDWZA5dn+eGvsFfOnezyj/Xp2Dau9Iv8zscnePHlieOWg16mt7xz2v/2LmFQnGWTJYi3aGeY2BS7ymnw=="
    }
  },
  "dependencies": {
    "customized-object-comparator": {
      "version": "1.0.0",
      "resolved": "https://registry.npmjs.org/customized-object-comparator/-/customized-object-comparator-1.0.0.tgz",
      "integrity": "sha512-Octv79XDWZA5dn+eGvsFfOnezyj/Xp2Dau9Iv8zscnePHlieOWg16mt7xz2v/2LmFQnGWTJYi3aGeY2BS7ymnw=="
    }
  }
}
